
Microsoft Visual Studio Solution File, Format Version 12.00
# Visual Studio Version 17
VisualStudioVersion = 17.6.33723.286
MinimumVisualStudioVersion = 10.0.40219.1
Project("{9A19103F-16F7-4668-BE54-9A1E7A4F7556}") = "AzureBlobStorageAPI", "AzureBlobStorageAPI.csproj", "{95844D59-FE83-4F0F-8A70-BC24615F144A}"
EndProject
Global
	GlobalSection(SolutionConfigurationPlatforms) = preSolution
		Debug|Any CPU = Debug|Any CPU
		Release|Any CPU = Release|Any CPU
	EndGlobalSection
	GlobalSection(ProjectConfigurationPlatforms) = postSolution
		{95844D59-FE83-4F0F-8A70-BC24615F144A}.Debug|Any CPU.ActiveCfg = Debug|Any CPU
		{95844D59-FE83-4F0F-8A70-BC24615F144A}.Debug|Any CPU.Build.0 = Debug|Any CPU
		{95844D59-FE83-4F0F-8A70-BC24615F144A}.Release|Any CPU.ActiveCfg = Release|Any CPU
		{95844D59-FE83-4F0F-8A70-BC24615F144A}.Release|Any CPU.Build.0 = Release|Any CPU
	EndGlobalSection
	GlobalSection(SolutionProperties) = preSolution
		HideSolutionNode = FALSE
	EndGlobalSection
	GlobalSection(ExtensibilityGlobals) = postSolution
		SolutionGuid = {948DB095-F4FE-4223-93DE-DECEEA59F233}
	EndGlobalSection
EndGlobal
