
Microsoft Visual Studio Solution File, Format Version 12.00
# Visual Studio Version 17
VisualStudioVersion = 17.0.31903.59
MinimumVisualStudioVersion = 10.0.40219.1
Project("{FAE04EC0-301F-11D3-BF4B-00C04F79EFBC}") = "Calculadora", "Calculadora\Calculadora.csproj", "{530FC1BE-140D-400C-AAD6-CA6949487399}"
EndProject
Project("{FAE04EC0-301F-11D3-BF4B-00C04F79EFBC}") = "CalculadoraTestes", "CalculadoraTestes\CalculadoraTestes.csproj", "{6403AE32-EC0C-48B6-A3A9-187A16D2B35D}"
EndProject
Global
	GlobalSection(SolutionConfigurationPlatforms) = preSolution
		Debug|Any CPU = Debug|Any CPU
		Release|Any CPU = Release|Any CPU
	EndGlobalSection
	GlobalSection(SolutionProperties) = preSolution
		HideSolutionNode = FALSE
	EndGlobalSection
	GlobalSection(ProjectConfigurationPlatforms) = postSolution
		{530FC1BE-140D-400C-AAD6-CA6949487399}.Debug|Any CPU.ActiveCfg = Debug|Any CPU
		{530FC1BE-140D-400C-AAD6-CA6949487399}.Debug|Any CPU.Build.0 = Debug|Any CPU
		{530FC1BE-140D-400C-AAD6-CA6949487399}.Release|Any CPU.ActiveCfg = Release|Any CPU
		{530FC1BE-140D-400C-AAD6-CA6949487399}.Release|Any CPU.Build.0 = Release|Any CPU
		{6403AE32-EC0C-48B6-A3A9-187A16D2B35D}.Debug|Any CPU.ActiveCfg = Debug|Any CPU
		{6403AE32-EC0C-48B6-A3A9-187A16D2B35D}.Debug|Any CPU.Build.0 = Debug|Any CPU
		{6403AE32-EC0C-48B6-A3A9-187A16D2B35D}.Release|Any CPU.ActiveCfg = Release|Any CPU
		{6403AE32-EC0C-48B6-A3A9-187A16D2B35D}.Release|Any CPU.Build.0 = Release|Any CPU
	EndGlobalSection
EndGlobal
