
Microsoft Visual Studio Solution File, Format Version 12.00
# Visual Studio Version 17
VisualStudioVersion = 17.0.31903.59
MinimumVisualStudioVersion = 10.0.40219.1
Project("{9A19103F-16F7-4668-BE54-9A1E7A4F7556}") = "NovaConsole", "Console\NovaConsole.csproj", "{B5302FAF-E390-4BED-A79A-B476E64BD4FF}"
EndProject
Project("{9A19103F-16F7-4668-BE54-9A1E7A4F7556}") = "NovaBibliotecaDeClasses", "NovaBibliotecaDeClasses\NovaBibliotecaDeClasses.csproj", "{CAE54DC3-56BC-4CAE-B6BE-B21F65D7CC85}"
EndProject
Project("{FAE04EC0-301F-11D3-BF4B-00C04F79EFBC}") = "Common", "Common\Common.csproj", "{B096E8D0-E6AC-493E-8A45-99D7F40DF84B}"
EndProject
Project("{FAE04EC0-301F-11D3-BF4B-00C04F79EFBC}") = "ClassesBancarias", "ClassesBancarias\ClassesBancarias.csproj", "{FD5EC670-A380-4EE2-9C27-D49A2FA2EC73}"
EndProject
Project("{FAE04EC0-301F-11D3-BF4B-00C04F79EFBC}") = "Interfaces", "Interfaces\Interfaces.csproj", "{76E7E4A9-20E6-4E69-8ADD-D78C40280577}"
EndProject
Global
	GlobalSection(SolutionConfigurationPlatforms) = preSolution
		Debug|Any CPU = Debug|Any CPU
		Release|Any CPU = Release|Any CPU
	EndGlobalSection
	GlobalSection(ProjectConfigurationPlatforms) = postSolution
		{B5302FAF-E390-4BED-A79A-B476E64BD4FF}.Debug|Any CPU.ActiveCfg = Debug|Any CPU
		{B5302FAF-E390-4BED-A79A-B476E64BD4FF}.Debug|Any CPU.Build.0 = Debug|Any CPU
		{B5302FAF-E390-4BED-A79A-B476E64BD4FF}.Release|Any CPU.ActiveCfg = Release|Any CPU
		{B5302FAF-E390-4BED-A79A-B476E64BD4FF}.Release|Any CPU.Build.0 = Release|Any CPU
		{CAE54DC3-56BC-4CAE-B6BE-B21F65D7CC85}.Debug|Any CPU.ActiveCfg = Debug|Any CPU
		{CAE54DC3-56BC-4CAE-B6BE-B21F65D7CC85}.Debug|Any CPU.Build.0 = Debug|Any CPU
		{CAE54DC3-56BC-4CAE-B6BE-B21F65D7CC85}.Release|Any CPU.ActiveCfg = Release|Any CPU
		{CAE54DC3-56BC-4CAE-B6BE-B21F65D7CC85}.Release|Any CPU.Build.0 = Release|Any CPU
		{B096E8D0-E6AC-493E-8A45-99D7F40DF84B}.Debug|Any CPU.ActiveCfg = Debug|Any CPU
		{B096E8D0-E6AC-493E-8A45-99D7F40DF84B}.Debug|Any CPU.Build.0 = Debug|Any CPU
		{B096E8D0-E6AC-493E-8A45-99D7F40DF84B}.Release|Any CPU.ActiveCfg = Release|Any CPU
		{B096E8D0-E6AC-493E-8A45-99D7F40DF84B}.Release|Any CPU.Build.0 = Release|Any CPU
		{FD5EC670-A380-4EE2-9C27-D49A2FA2EC73}.Debug|Any CPU.ActiveCfg = Debug|Any CPU
		{FD5EC670-A380-4EE2-9C27-D49A2FA2EC73}.Debug|Any CPU.Build.0 = Debug|Any CPU
		{FD5EC670-A380-4EE2-9C27-D49A2FA2EC73}.Release|Any CPU.ActiveCfg = Release|Any CPU
		{FD5EC670-A380-4EE2-9C27-D49A2FA2EC73}.Release|Any CPU.Build.0 = Release|Any CPU
		{76E7E4A9-20E6-4E69-8ADD-D78C40280577}.Debug|Any CPU.ActiveCfg = Debug|Any CPU
		{76E7E4A9-20E6-4E69-8ADD-D78C40280577}.Debug|Any CPU.Build.0 = Debug|Any CPU
		{76E7E4A9-20E6-4E69-8ADD-D78C40280577}.Release|Any CPU.ActiveCfg = Release|Any CPU
		{76E7E4A9-20E6-4E69-8ADD-D78C40280577}.Release|Any CPU.Build.0 = Release|Any CPU
	EndGlobalSection
	GlobalSection(SolutionProperties) = preSolution
		HideSolutionNode = FALSE
	EndGlobalSection
EndGlobal
