
Microsoft Visual Studio Solution File, Format Version 12.00
# Visual Studio Version 17
VisualStudioVersion = 17.0.31903.59
MinimumVisualStudioVersion = 10.0.40219.1
Project("{FAE04EC0-301F-11D3-BF4B-00C04F79EFBC}") = "APIs", "APIs\APIs.csproj", "{FB862E08-E7F6-4479-A167-844B956F53A9}"
EndProject
Project("{FAE04EC0-301F-11D3-BF4B-00C04F79EFBC}") = "Biblioteca", "Biblioteca\Biblioteca.csproj", "{9B642AD6-05CC-4589-BBEB-A922C863A5E4}"
EndProject
Global
	GlobalSection(SolutionConfigurationPlatforms) = preSolution
		Debug|Any CPU = Debug|Any CPU
		Release|Any CPU = Release|Any CPU
	EndGlobalSection
	GlobalSection(SolutionProperties) = preSolution
		HideSolutionNode = FALSE
	EndGlobalSection
	GlobalSection(ProjectConfigurationPlatforms) = postSolution
		{FB862E08-E7F6-4479-A167-844B956F53A9}.Debug|Any CPU.ActiveCfg = Debug|Any CPU
		{FB862E08-E7F6-4479-A167-844B956F53A9}.Debug|Any CPU.Build.0 = Debug|Any CPU
		{FB862E08-E7F6-4479-A167-844B956F53A9}.Release|Any CPU.ActiveCfg = Release|Any CPU
		{FB862E08-E7F6-4479-A167-844B956F53A9}.Release|Any CPU.Build.0 = Release|Any CPU
		{9B642AD6-05CC-4589-BBEB-A922C863A5E4}.Debug|Any CPU.ActiveCfg = Debug|Any CPU
		{9B642AD6-05CC-4589-BBEB-A922C863A5E4}.Debug|Any CPU.Build.0 = Debug|Any CPU
		{9B642AD6-05CC-4589-BBEB-A922C863A5E4}.Release|Any CPU.ActiveCfg = Release|Any CPU
		{9B642AD6-05CC-4589-BBEB-A922C863A5E4}.Release|Any CPU.Build.0 = Release|Any CPU
	EndGlobalSection
EndGlobal
